
Microsoft Visual Studio Solution File, Format Version 12.00
# Visual Studio 2013
VisualStudioVersion = 12.0.21005.1
MinimumVisualStudioVersion = 10.0.40219.1
Project("{FAE04EC0-301F-11D3-BF4B-00C04F79EFBC}") = "WcfDuplex.Common", "WcfDuplex.Common\WcfDuplex.Common.csproj", "{A14A4A96-98ED-4DFC-AC99-99141D2346D3}"
EndProject
Project("{FAE04EC0-301F-11D3-BF4B-00C04F79EFBC}") = "WcfDuplex.Server", "WcfDuplex.Server\WcfDuplex.Server.csproj", "{F2A105F1-6305-4CF5-A264-A4429661B4D7}"
EndProject
Project("{FAE04EC0-301F-11D3-BF4B-00C04F79EFBC}") = "WcfDuplex.Client", "WcfDuplex.Client\WcfDuplex.Client.csproj", "{B7BC2467-20A1-472B-A564-319CDDCD858C}"
EndProject
Global
	GlobalSection(SolutionConfigurationPlatforms) = preSolution
		Debug|Any CPU = Debug|Any CPU
		Release|Any CPU = Release|Any CPU
	EndGlobalSection
	GlobalSection(ProjectConfigurationPlatforms) = postSolution
		{A14A4A96-98ED-4DFC-AC99-99141D2346D3}.Debug|Any CPU.ActiveCfg = Debug|Any CPU
		{A14A4A96-98ED-4DFC-AC99-99141D2346D3}.Debug|Any CPU.Build.0 = Debug|Any CPU
		{A14A4A96-98ED-4DFC-AC99-99141D2346D3}.Release|Any CPU.ActiveCfg = Release|Any CPU
		{A14A4A96-98ED-4DFC-AC99-99141D2346D3}.Release|Any CPU.Build.0 = Release|Any CPU
		{F2A105F1-6305-4CF5-A264-A4429661B4D7}.Debug|Any CPU.ActiveCfg = Debug|Any CPU
		{F2A105F1-6305-4CF5-A264-A4429661B4D7}.Debug|Any CPU.Build.0 = Debug|Any CPU
		{F2A105F1-6305-4CF5-A264-A4429661B4D7}.Release|Any CPU.ActiveCfg = Release|Any CPU
		{F2A105F1-6305-4CF5-A264-A4429661B4D7}.Release|Any CPU.Build.0 = Release|Any CPU
		{B7BC2467-20A1-472B-A564-319CDDCD858C}.Debug|Any CPU.ActiveCfg = Debug|Any CPU
		{B7BC2467-20A1-472B-A564-319CDDCD858C}.Debug|Any CPU.Build.0 = Debug|Any CPU
		{B7BC2467-20A1-472B-A564-319CDDCD858C}.Release|Any CPU.ActiveCfg = Release|Any CPU
		{B7BC2467-20A1-472B-A564-319CDDCD858C}.Release|Any CPU.Build.0 = Release|Any CPU
	EndGlobalSection
	GlobalSection(SolutionProperties) = preSolution
		HideSolutionNode = FALSE
	EndGlobalSection
EndGlobal
